{
    "_readme": [
        "This file locks the dependencies of your project to a known state",
        "Read more about it at https://getcomposer.org/doc/01-basic-usage.md#installing-dependencies",
        "This file is @generated automatically"
    ],
    "content-hash": "96e46c8e4e928a2b9460ac96a5e808d0",
    "packages": [
        {
            "name": "splitbrain/php-cli",
            "version": "dev-master",
            "source": {
                "type": "git",
                "url": "https://github.com/splitbrain/php-cli.git",
                "reference": "ff9e6ec1907bbf2ecd93931381816631ac7b95eb"
            },
            "dist": {
                "type": "zip",
                "url": "https://api.github.com/repos/splitbrain/php-cli/zipball/ff9e6ec1907bbf2ecd93931381816631ac7b95eb",
                "reference": "ff9e6ec1907bbf2ecd93931381816631ac7b95eb",
                "shasum": ""
            },
            "require": {
                "php": ">=5.3.0"
            },
            "require-dev": {
                "phpunit/phpunit": "4.5.*"
            },
            "suggest": {
                "psr/log": "Allows you to make the CLI available as PSR-3 logger"
            },
            "type": "library",
            "autoload": {
                "psr-4": {
                    "splitbrain\\phpcli\\": "src"
                }
            },
            "notification-url": "https://packagist.org/downloads/",
            "license": [
                "MIT"
            ],
            "authors": [
                {
                    "name": "Andreas Gohr",
                    "email": "andi@splitbrain.org"
                }
            ],
            "description": "Easy command line scripts for PHP with opt parsing and color output. No dependencies",
            "keywords": [
                "argparse",
                "cli",
                "command line",
                "console",
                "getopt",
                "optparse",
                "terminal"
            ],
            "time": "2019-06-23T06:40:57+00:00"
        }
    ],
    "packages-dev": [],
    "aliases": [],
    "minimum-stability": "dev",
    "stability-flags": {
        "splitbrain/php-cli": 20
    },
    "prefer-stable": false,
    "prefer-lowest": false,
    "platform": {
        "php": "^7.2"
    },
    "platform-dev": []
}
